PATH
  remote: .
  specs:
    inferno_template (0.0.0)
      inferno_core (~> 1.4.4)

GEM
  remote: https://rubygems.org/
  specs:
    activesupport (7.2.3.2)
      base64
      benchmark (>= 0.3)
      bigdecimal
      concurrent-ruby (~> 1.0, >= 1.3.1)
      connection_pool (>= 2.2.5)
      drb
      i18n (>= 1.6, < 2)
      logger (>= 1.4.2)
      minitest (>= 5.1, < 6)
      securerandom (>= 0.3)
      tzinfo (~> 2.0, >= 2.0.5)
    addressable (2.9.0)
      public_suffix (>= 2.0.2, < 8.0)
    anonymous_loader (0.1.3)
      version_gem (~> 1.1, >= 1.1.14)
    ast (2.4.3)
    auth-sanitizer (0.2.3)
      version_gem (~> 1.1, >= 1.1.14)
    base62-rb (0.3.1)
    base64 (0.3.0)
    bcp47 (0.3.3)
      i18n
    benchmark (0.5.0)
    bigdecimal (4.1.2)
    blueprinter (0.25.2)
    byebug (13.0.0)
      reline (>= 0.6.0)
    coderay (1.1.3)
    concurrent-ruby (1.3.8)
    connection_pool (2.5.5)
    crack (1.0.1)
      bigdecimal
      rexml
    csv (3.3.6)
    database_cleaner (1.99.0)
    database_cleaner-sequel (1.99.0)
      database_cleaner (~> 1.99.0)
      sequel
    date_time_precision (0.8.1)
    debug (1.11.1)
      irb (~> 1.10)
      reline (>= 0.3.8)
    diff-lcs (1.6.2)
    docile (1.4.1)
    domain_name (0.6.20260902)
    dotenv (2.8.1)
    drb (2.2.3)
    dry-auto_inject (1.0.1)
      dry-core (~> 1.0)
      zeitwerk (~> 2.6)
    dry-configurable (1.0.0)
      dry-core (~> 1.0, < 2)
      zeitwerk (~> 2.6)
    dry-container (0.10.0)
      concurrent-ruby (~> 1.0)
    dry-core (1.0.0)
      concurrent-ruby (~> 1.0)
      zeitwerk (~> 2.6)
    dry-inflector (1.0.0)
    dry-system (1.0.0)
      dry-auto_inject (~> 1.0.0.rc1, < 2)
      dry-configurable (~> 1.0, < 2)
      dry-core (~> 1.0, < 2)
      dry-inflector (~> 1.0, < 2)
    dry-transformer (1.1.0)
      bigdecimal
      zeitwerk (~> 2.6)
    erb (6.0.7)
    factory_bot (6.6.0)
      activesupport (>= 6.1.0)
    faraday (1.10.6)
      faraday-em_http (~> 1.0)
      faraday-em_synchrony (~> 1.0)
      faraday-excon (~> 1.1)
      faraday-httpclient (~> 1.0)
      faraday-multipart (~> 1.0)
      faraday-net_http (~> 1.0)
      faraday-net_http_persistent (~> 1.0)
      faraday-patron (~> 1.0)
      faraday-rack (~> 1.0)
      faraday-retry (~> 1.0)
      ruby2_keywords (>= 0.0.4)
    faraday-em_http (1.0.0)
    faraday-em_synchrony (1.0.1)
    faraday-excon (1.1.0)
    faraday-httpclient (1.0.1)
    faraday-multipart (1.2.0)
      multipart-post (~> 2.0)
    faraday-net_http (1.0.2)
    faraday-net_http_persistent (1.2.0)
    faraday-patron (1.0.0)
    faraday-rack (1.0.0)
    faraday-retry (1.0.4)
    faraday_middleware (1.2.1)
      faraday (~> 1.0)
    fhir_client (6.2.0)
      activesupport (>= 3)
      addressable (>= 2.9.0)
      fhir_dstu2_models (>= 1.1.1)
      fhir_models (>= 5.1.0)
      fhir_stu3_models (>= 3.1.1)
      nokogiri (>= 1.19.1)
      oauth2 (~> 2.0)
      rack (>= 2.2.23)
      rest-client (~> 2.0)
      tilt (>= 1.1)
    fhir_dstu2_models (1.2.0)
      bcp47 (>= 0.3)
      date_time_precision (>= 0.8)
      mime-types (>= 3.0)
      nokogiri (>= 1.11.4)
    fhir_models (5.1.0)
      bcp47 (>= 0.3)
      date_time_precision (>= 0.8)
      mime-types (>= 3.0)
      nokogiri (>= 1.19.1)
    fhir_stu3_models (3.2.0)
      bcp47 (>= 0.3)
      date_time_precision (>= 0.8)
      mime-types (>= 3.0)
      nokogiri (>= 1.11.4)
    hanami-controller (2.0.0)
      dry-configurable (~> 1.0, < 2)
      dry-core (~> 1.0)
      hanami-utils (~> 2.0)
      rack (~> 2.0)
      zeitwerk (~> 2.6)
    hanami-router (2.0.0)
      mustermann (~> 1.0)
      mustermann-contrib (~> 1.0)
      rack (~> 2.0)
    hanami-utils (2.2.0)
      concurrent-ruby (~> 1.0)
      dry-core (~> 1.0, < 2)
      dry-transformer (~> 1.0, < 2)
    hansi (0.2.1)
    hashdiff (1.2.1)
    hashie (5.1.0)
      logger
    http-accept (1.7.0)
    http-cookie (1.1.6)
      domain_name (~> 0.5)
    i18n (1.15.2)
      concurrent-ruby (~> 1.0)
    inferno_core (1.4.4)
      activesupport (~> 7.2.3.1)
      base62-rb (= 0.3.1)
      blueprinter (= 0.25.2)
      concurrent-ruby (~> 1.3, >= 1.3.7)
      csv (~> 3.3.5)
      dotenv (~> 2.7)
      dry-configurable (= 1.0.0)
      dry-container (= 0.10.0)
      dry-core (= 1.0.0)
      dry-inflector (= 1.0.0)
      dry-system (= 1.0.0)
      faraday (~> 1.10.6)
      faraday_middleware (~> 1.2)
      fhir_client (>= 6.2.0)
      fhir_models (>= 5.1.0)
      hanami-controller (= 2.0.0)
      hanami-router (= 2.0.0)
      kramdown (~> 2.5.2)
      kramdown-parser-gfm (~> 1.1.0)
      mutex_m (~> 0.3.0)
      oj (~> 3.17, >= 3.17.3)
      pastel (~> 0.8.0)
      pry
      pry-byebug
      puma (~> 8.0, >= 8.0.2)
      rake (~> 13.0)
      roo (~> 2.10.1)
      sequel (~> 5.42.0)
      sidekiq (~> 7.3.10)
      sqlite3 (~> 1.4)
      thor (~> 1.4)
      tty-markdown (~> 0.7.1)
    io-console (0.9.2)
    irb (1.18.0)
      pp (>= 0.6.0)
      prism (>= 1.3.0)
      rdoc (>= 4.0.0)
      reline (>= 0.4.2)
    json (2.21.2)
    jwt (3.2.0)
      base64
    kramdown (2.5.2)
      rexml (>= 3.4.4)
    kramdown-parser-gfm (1.1.0)
      kramdown (~> 2.0)
    language_server-protocol (3.17.0.6)
    lint_roller (1.1.0)
    logger (1.7.0)
    method_source (1.1.0)
    mime-types (3.7.0)
      logger
      mime-types-data (~> 3.2025, >= 3.2025.0507)
    mime-types-data (3.2026.0701)
    minitest (5.27.0)
    multi_xml (0.9.1)
      bigdecimal (>= 3.1, < 5)
    multipart-post (2.4.1)
    mustermann (1.1.2)
      ruby2_keywords (~> 0.0.1)
    mustermann-contrib (1.1.2)
      hansi (~> 0.2.0)
      mustermann (= 1.1.2)
    mutex_m (0.3.0)
    netrc (0.11.0)
    nio4r (2.7.5)
    nokogiri (1.19.4-aarch64-linux-gnu)
      racc (~> 1.4)
    nokogiri (1.19.4-aarch64-linux-musl)
      racc (~> 1.4)
    nokogiri (1.19.4-arm-linux-gnu)
      racc (~> 1.4)
    nokogiri (1.19.4-arm-linux-musl)
      racc (~> 1.4)
    nokogiri (1.19.4-arm64-darwin)
      racc (~> 1.4)
    nokogiri (1.19.4-x86_64-darwin)
      racc (~> 1.4)
    nokogiri (1.19.4-x86_64-linux-gnu)
      racc (~> 1.4)
    nokogiri (1.19.4-x86_64-linux-musl)
      racc (~> 1.4)
    oauth2 (2.0.25)
      anonymous_loader (~> 0.1, >= 0.1.3)
      auth-sanitizer (~> 0.2, >= 0.2.3)
      faraday (>= 0.17.3, < 4.0)
      jwt (>= 1.0, < 4.0)
      logger (~> 1.2)
      multi_xml (~> 0.5)
      rack (>= 1.2, < 4)
      snaky_hash (~> 2.0, >= 2.0.7)
      version_gem (~> 1.1, >= 1.1.14)
    oj (3.17.6)
      bigdecimal (>= 3.0)
      ostruct (>= 0.2)
    ostruct (0.6.3)
    parallel (2.1.0)
    parser (3.3.12.0)
      ast (~> 2.4.1)
      racc
    pastel (0.8.0)
      tty-color (~> 0.5)
    pp (0.6.4)
      prettyprint
    prettyprint (0.2.0)
    prism (1.9.0)
    pry (0.16.0)
      coderay (~> 1.1)
      method_source (~> 1.0)
      reline (>= 0.6.0)
    pry-byebug (3.12.0)
      byebug (~> 13.0)
      pry (>= 0.13, < 0.17)
    public_suffix (7.0.5)
    puma (8.0.2)
      nio4r (~> 2.0)
    racc (1.8.1)
    rack (2.2.24)
    rack-test (2.2.0)
      rack (>= 1.3)
    rainbow (3.1.1)
    rake (13.4.2)
    rbs (4.2.0)
      logger
      prism (>= 1.6.0)
      tsort
    rdoc (8.0.0)
      erb
      prism (>= 1.6.0)
      rbs (>= 4.0.0)
      tsort
    redis-client (0.30.1)
      connection_pool
    regexp_parser (2.12.0)
    reline (0.7.0)
      io-console (~> 0.5)
    rest-client (2.1.0)
      http-accept (>= 1.7.0, < 2.0)
      http-cookie (>= 1.0.2, < 2.0)
      mime-types (>= 1.16, < 4.0)
      netrc (~> 0.8)
    rexml (3.4.4)
    roo (2.10.1)
      nokogiri (~> 1)
      rubyzip (>= 1.3.0, < 3.0.0)
    rouge (4.7.0)
    rspec (3.13.2)
      rspec-core (~> 3.13.0)
      rspec-expectations (~> 3.13.0)
      rspec-mocks (~> 3.13.0)
    rspec-core (3.13.6)
      rspec-support (~> 3.13.0)
    rspec-expectations (3.13.5)
      diff-lcs (>= 1.2.0, < 2.0)
      rspec-support (~> 3.13.0)
    rspec-mocks (3.13.8)
      diff-lcs (>= 1.2.0, < 2.0)
      rspec-support (~> 3.13.0)
    rspec-support (3.13.7)
    rubocop (1.90.0)
      json (>= 2.3)
      language_server-protocol (~> 3.17.0.2)
      lint_roller (~> 1.1.0)
      parallel (>= 1.10)
      parser (>= 3.3.0.2)
      rainbow (>= 2.2.2, < 4.0)
      regexp_parser (>= 2.9.3, < 3.0)
      rubocop-ast (>= 1.49.0, < 2.0)
      ruby-progressbar (~> 1.7)
      unicode-display_width (>= 2.4.0, < 4.0)
    rubocop-ast (1.50.0)
      parser (>= 3.3.7.2)
      prism (~> 1.7)
    rubocop-rspec (3.10.2)
      lint_roller (~> 1.1)
      regexp_parser (>= 2.0)
      rubocop (~> 1.86, >= 1.86.2)
    ruby-progressbar (1.13.0)
    ruby2_keywords (0.0.5)
    rubyzip (2.4.1)
    securerandom (0.4.1)
    sequel (5.42.0)
    sidekiq (7.3.10)
      base64
      connection_pool (>= 2.3.0, < 3)
      logger
      rack (>= 2.2.4, < 3.3)
      redis-client (>= 0.23.0, < 1)
    simplecov (0.21.2)
      docile (~> 1.1)
      simplecov-html (~> 0.11)
      simplecov_json_formatter (~> 0.1)
    simplecov-html (0.13.2)
    simplecov_json_formatter (0.1.4)
    snaky_hash (2.0.7)
      hashie (>= 0.1.0, < 6)
      version_gem (~> 1.1, >= 1.1.14)
    sqlite3 (1.7.3-aarch64-linux)
    sqlite3 (1.7.3-arm-linux)
    sqlite3 (1.7.3-arm64-darwin)
    sqlite3 (1.7.3-x86_64-darwin)
    sqlite3 (1.7.3-x86_64-linux)
    strings (0.2.1)
      strings-ansi (~> 0.2)
      unicode-display_width (>= 1.5, < 3.0)
      unicode_utils (~> 1.4)
    strings-ansi (0.2.0)
    thor (1.5.0)
    tilt (2.9.0)
    tsort (0.2.0)
    tty-color (0.6.0)
    tty-markdown (0.7.2)
      kramdown (>= 1.16.2, < 3.0)
      pastel (~> 0.8)
      rouge (>= 3.14, < 5.0)
      strings (~> 0.2.0)
      tty-color (~> 0.5)
      tty-screen (~> 0.8)
    tty-screen (0.8.2)
    tzinfo (2.0.6)
      concurrent-ruby (~> 1.0)
    unicode-display_width (2.6.0)
    unicode_utils (1.4.0)
    version_gem (1.1.15)
    webmock (3.26.4)
      addressable (>= 2.8.0)
      crack (>= 0.3.2)
      hashdiff (>= 0.4.0, < 2.0.0)
    zeitwerk (2.8.3)

PLATFORMS
  aarch64-linux
  aarch64-linux-gnu
  aarch64-linux-musl
  arm-linux
  arm-linux-gnu
  arm-linux-musl
  arm64-darwin
  x86_64-darwin
  x86_64-linux
  x86_64-linux-gnu
  x86_64-linux-musl

DEPENDENCIES
  database_cleaner-sequel (~> 1.8)
  debug
  factory_bot (~> 6.1)
  inferno_template!
  rack-test
  rspec (~> 3.10)
  rubocop (~> 1.9)
  rubocop-rspec
  simplecov (= 0.21.2)
  webmock (~> 3.11)

CHECKSUMS
  activesupport (7.2.3.2) sha256=ddc90d11dd88086d78ace03407fe3c2a3f5c8853c3c3046313db5ed823ef3312
  addressable (2.9.0) sha256=7fdf6ac3660f7f4e867a0838be3f6cf722ace541dd97767fa42bc6cfa980c7af
  anonymous_loader (0.1.3) sha256=084a18e2439144d955447dc11dfc982f41fcd1583ad32d4d55151325dc44cb55
  ast (2.4.3) sha256=954615157c1d6a382bc27d690d973195e79db7f55e9765ac7c481c60bdb4d383
  auth-sanitizer (0.2.3) sha256=db10aac92cfbe4c64ab637eebcbe1d67395d1694798041362173370f59933e3c
  base62-rb (0.3.1) sha256=24e084c7e4101366ced80facf46913e4fe975b18409c55772747f44d18bf6aa0
  base64 (0.3.0) sha256=27337aeabad6ffae05c265c450490628ef3ebd4b67be58257393227588f5a97b
  bcp47 (0.3.3) sha256=e203e81a8f94425a0cbd3b2f05f466e5b321f38697412ba9cd121e02382d0825
  benchmark (0.5.0) sha256=465df122341aedcb81a2a24b4d3bd19b6c67c1530713fd533f3ff034e419236c
  bigdecimal (4.1.2) sha256=53d217666027eab4280346fba98e7d5b66baaae1b9c3c1c0ffe89d48188a3fbd
  blueprinter (0.25.2) sha256=398b8b071e18734a2b10c66c45d0c1066a498c71f7130e5117c361f8ef5e894b
  byebug (13.0.0) sha256=d2263efe751941ca520fa29744b71972d39cbc41839496706f5d9b22e92ae05d
  coderay (1.1.3) sha256=dc530018a4684512f8f38143cd2a096c9f02a1fc2459edcfe534787a7fc77d4b
  concurrent-ruby (1.3.8) sha256=b2f1be836e968ccc78ccfce277ea79c72a88633f22306782c16ff23fb415d1e1
  connection_pool (2.5.5) sha256=e54ff92855753df1fd7c59fa04a398833355f27dd14c074f8c83a05f72a716ad
  crack (1.0.1) sha256=ff4a10390cd31d66440b7524eb1841874db86201d5b70032028553130b6d4c7e
  csv (3.3.6) sha256=aba61e7e507a66f03d45cb1f3c4b6359861c3504038b422962875dce099e4456
  database_cleaner (1.99.0) sha256=4854c518ed36fae7ea8961993ff3cfe7c0a0434c4762ab2f0026075adbd2d1b2
  database_cleaner-sequel (1.99.0) sha256=b0cdc1f3ef84f783daefa5101ff9b7444cc2070a572cbbd7ce14e6b30090e427
  date_time_precision (0.8.1) sha256=77547764faca6c73761b9c10d7a226fd29de44ef42538c644da01680a1ee22aa
  debug (1.11.1) sha256=2e0b0ac6119f2207a6f8ac7d4a73ca8eb4e440f64da0a3136c30343146e952b6
  diff-lcs (1.6.2) sha256=9ae0d2cba7d4df3075fe8cd8602a8604993efc0dfa934cff568969efb1909962
  docile (1.4.1) sha256=96159be799bfa73cdb721b840e9802126e4e03dfc26863db73647204c727f21e
  domain_name (0.6.20260902) sha256=4fac7f8e0a77dc85ec02f6534fdeff38e143d434ab8a86528fe68ca5bc45a042
  dotenv (2.8.1) sha256=c5944793349ae03c432e1780a2ca929d60b88c7d14d52d630db0508c3a8a17d8
  drb (2.2.3) sha256=0b00d6fdb50995fe4a45dea13663493c841112e4068656854646f418fda13373
  dry-auto_inject (1.0.1) sha256=7dc28d57ea22947f6162ca897417e951e0f88ade11dff17fccd0de955b5e4d14
  dry-configurable (1.0.0) sha256=1e9e41b616f7be96fe06cc124dde46aff695a32392f6f898fdce2dc522184998
  dry-container (0.10.0) sha256=fd4b4c6e49d372ed0b159a9aaa484190eb9610f5369923ab4791a4b299b91aa9
  dry-core (1.0.0) sha256=7a92099870967f0d2c9997950608cb8bb622dafeea20b2fe1dd49e9ba1d0f305
  dry-inflector (1.0.0) sha256=6ad22361ca2d6f3f001ae3037ffcfea01163f644280d13a9195d3c3a94dd1626
  dry-system (1.0.0) sha256=ffa2e796cbdad1c71960cd70de16b8079fb85090aa27c0a9b97f9dcce37e5595
  dry-transformer (1.1.0) sha256=87bfe22a708aa69f3e6e76a6119aba0b42999f154e4fe7c261d4673720534da3
  erb (6.0.7) sha256=c5ca6dc25b0ef974a44dc8f59fe847577122483b1968a38dec305c60bf91ee92
  factory_bot (6.6.0) sha256=1fc1b3b5620ec980a6a27aec1b6ec8c250ca82962e970e8a40f93e8d388d4b89
  faraday (1.10.6) sha256=7ff4802a6b312876a2241b3e641ce0d5045e168dd871b422c35b505e5261ad4d
  faraday-em_http (1.0.0) sha256=7a3d4c7079789121054f57e08cd4ef7e40ad1549b63101f38c7093a9d6c59689
  faraday-em_synchrony (1.0.1) sha256=bf3ce45dcf543088d319ab051f80985ea6d294930635b7a0b966563179f81750
  faraday-excon (1.1.0) sha256=b055c842376734d7f74350fe8611542ae2000c5387348d9ba9708109d6e40940
  faraday-httpclient (1.0.1) sha256=4c8ff1f0973ff835be8d043ef16aaf54f47f25b7578f6d916deee8399a04d33b
  faraday-multipart (1.2.0) sha256=7d89a949693714176f612323ca13746a2ded204031a6ba528adee788694ef757
  faraday-net_http (1.0.2) sha256=63992efea42c925a20818cf3c0830947948541fdcf345842755510d266e4c682
  faraday-net_http_persistent (1.2.0) sha256=0b0cbc8f03dab943c3e1cc58d8b7beb142d9df068b39c718cd83e39260348335
  faraday-patron (1.0.0) sha256=dc2cd7b340bb3cc8e36bcb9e6e7eff43d134b6d526d5f3429c7a7680ddd38fa7
  faraday-rack (1.0.0) sha256=ef60ec969a2bb95b8dbf24400155aee64a00fc8ba6c6a4d3968562bcc92328c0
  faraday-retry (1.0.4) sha256=dc659233777fabf96c69c2ffe56c0a5d2c102af90321a42cc6c90157bcd716aa
  faraday_middleware (1.2.1) sha256=d45b78c8ee864c4783fbc276f845243d4a7918a67301c052647bacabec0529e9
  fhir_client (6.2.0) sha256=da740984792e464948e87a5a6273b3f24fb67c788a055be67399db14e7f929bd
  fhir_dstu2_models (1.2.0) sha256=efb8be21a0caef112ebc90a55762bacde1cbd457e13567895579c79dbcb1b16f
  fhir_models (5.1.0) sha256=5139aadcc372648847d648b2415911c4a2c053e57b3f02d2637ec6e3bdb2013f
  fhir_stu3_models (3.2.0) sha256=10479490abad0c67b4d9cc8e37a8bc9e7e943a9e7e75270ebb14bf3ef9ab43ab
  hanami-controller (2.0.0) sha256=73102e86bcdd4f3e65f0c103ffa31fed6b2c8c95f9e10c71055273a78ac10ec2
  hanami-router (2.0.0) sha256=e5b261933fdf04aa06d456dd4f5e61e0dc760201c7b55b80c2d6f18a2d9adbcd
  hanami-utils (2.2.0) sha256=7884ed3ef637697487d7cb57045adec3325b9273c550a34b0d0f0332ccee5f5a
  hansi (0.2.1) sha256=7e27dfd729f1692a3a7690fc0ef3af9d5e3cfc0285bb135cae7e56180e4805db
  hashdiff (1.2.1) sha256=9c079dbc513dfc8833ab59c0c2d8f230fa28499cc5efb4b8dd276cf931457cd1
  hashie (5.1.0) sha256=c266471896f323c446ea8207f8ffac985d2718df0a0ba98651a3057096ca3870
  http-accept (1.7.0) sha256=c626860682bfbb3b46462f8c39cd470fd7b0584f61b3cc9df5b2e9eb9972a126
  http-cookie (1.1.6) sha256=ba4b82be64de61dc281243dac70e3c382c45142f20268ed9276a3670c93feaa9
  i18n (1.15.2) sha256=00f9eb62412fe593b2a65a97daa75300d37abb8f7202ec748e94b6d46a9dd1b5
  inferno_core (1.4.4) sha256=3c0af47ebac937ac1d385c2e21d4b414a5ad6b5b7dfa27aa0c1599ea4a80b35d
  inferno_template (0.0.0)
  io-console (0.9.2) sha256=efa74f891dd03c0939a931dfc6e74c2813d904763d456ea9762b0525e748db08
  irb (1.18.0) sha256=de9454a0703a54704b9811a5ef31a60c86949fbf4013fcf244fabc7c775248e3
  json (2.21.2) sha256=1f1d3b7cf2b3ba1a69beca0bb6db13d5438b80bff3cd54cdaaa620b9b07c1c6a
  jwt (3.2.0) sha256=5419b1fe37b1da0982bd07051f573a8b8789ab724c2aa7e785e4784a3ed217d7
  kramdown (2.5.2) sha256=1ba542204c66b6f9111ff00dcc26075b95b220b07f2905d8261740c82f7f02fa
  kramdown-parser-gfm (1.1.0) sha256=fb39745516427d2988543bf01fc4cf0ab1149476382393e0e9c48592f6581729
  language_server-protocol (3.17.0.6) sha256=5ef2c0c138f8267e1bc631d3328347d354f96724b0af22f2c79516120443b7f0
  lint_roller (1.1.0) sha256=2c0c845b632a7d172cb849cc90c1bce937a28c5c8ccccb50dfd46a485003cc87
  logger (1.7.0) sha256=196edec7cc44b66cfb40f9755ce11b392f21f7967696af15d274dde7edff0203
  method_source (1.1.0) sha256=181301c9c45b731b4769bc81e8860e72f9161ad7d66dd99103c9ab84f560f5c5
  mime-types (3.7.0) sha256=dcebf61c246f08e15a4de34e386ebe8233791e868564a470c3fe77c00eed5e56
  mime-types-data (3.2026.0701) sha256=cd8811e1fb89d836499ba0582368a10ee74cef929ba956d1d5ddca045e6a730f
  minitest (5.27.0) sha256=2d3b17f8a36fe7801c1adcffdbc38233b938eb0b4966e97a6739055a45fa77d5
  multi_xml (0.9.1) sha256=7ce766b59c17241ed62976caeae1fae9b2431b263398c35396239a68c4a64e57
  multipart-post (2.4.1) sha256=9872d03a8e552020ca096adadbf5e3cb1cd1cdd6acd3c161136b8a5737cdb4a8
  mustermann (1.1.2) sha256=7b64de2f39ae6b623b6d4f7d2ced10d3442817ca9bb6200cf7bff3b9f6447b7e
  mustermann-contrib (1.1.2) sha256=a67de5cb24a0e91a7adbb2414cda416d6baa34ccd3cc32ce12099141c9dca699
  mutex_m (0.3.0) sha256=cfcb04ac16b69c4813777022fdceda24e9f798e48092a2b817eb4c0a782b0751
  netrc (0.11.0) sha256=de1ce33da8c99ab1d97871726cba75151113f117146becbe45aa85cb3dabee3f
  nio4r (2.7.5) sha256=6c90168e48fb5f8e768419c93abb94ba2b892a1d0602cb06eef16d8b7df1dca1
  nokogiri (1.19.4-aarch64-linux-gnu) sha256=1269fb644a6de405057a53dd5c762b1209b43ca7424f839454d3dbc677c31a8f
  nokogiri (1.19.4-aarch64-linux-musl) sha256=35c65b9ce72b3bb03207bdbe7067915019dc18c1b9b59139684bd6690fdd01af
  nokogiri (1.19.4-arm-linux-gnu) sha256=a301313e38bb065d68239e79734bcd6f56fb6efaacebde29e9abf2a4735340ca
  nokogiri (1.19.4-arm-linux-musl) sha256=588923c101bcfa78869734d247d25b598674323e7f22474fc468f6e5647311eb
  nokogiri (1.19.4-arm64-darwin) sha256=a46db9853286e6597b36ebc6953817d15acf3a299583eb3f89fdc6f91dd63527
  nokogiri (1.19.4-x86_64-darwin) sha256=7fd17057d3e1f00e9954a74b3cd76595d3d4a5ef233b7ed9599047c204f70551
  nokogiri (1.19.4-x86_64-linux-gnu) sha256=379fae440b28915e3f19d752ce2dcf8465ed2b2fbefd2a7ca0dd497bc981a06a
  nokogiri (1.19.4-x86_64-linux-musl) sha256=17dfb7c1fa194ae02fbf7c51a7afc8d278045ab3fdacfd86f91d02d7b274470b
  oauth2 (2.0.25) sha256=2f736a2f93c2caa67c1b08dc3c9889bb907d62643f3183fefaa1723cba6a82ac
  oj (3.17.6) sha256=f511257e01a12030c3ceb8023cd2e96fca924ea9c741f57ea366816f1fd8e68c
  ostruct (0.6.3) sha256=95a2ed4a4bd1d190784e666b47b2d3f078e4a9efda2fccf18f84ddc6538ed912
  parallel (2.1.0) sha256=b35258865c2e31134c5ecb708beaaf6772adf9d5efae28e93e99260877b09356
  parser (3.3.12.0) sha256=21a6d7f755d5a24dfbdc6e6b772e4e879a52e7631a88bc5a3a134606052c9828
  pastel (0.8.0) sha256=481da9fb7d2f6e6b1a08faf11fa10363172dc40fd47848f096ae21209f805a75
  pp (0.6.4) sha256=dfcb0fce700c41456265922884f9fe195d7fbb0674a3578e6c0f69588e82b570
  prettyprint (0.2.0) sha256=2bc9e15581a94742064a3cc8b0fb9d45aae3d03a1baa6ef80922627a0766f193
  prism (1.9.0) sha256=7b530c6a9f92c24300014919c9dcbc055bf4cdf51ec30aed099b06cd6674ef85
  pry (0.16.0) sha256=d76c69065698ed1f85e717bd33d7942c38a50868f6b0673c636192b3d1b6054e
  pry-byebug (3.12.0) sha256=594e094ae8a8390a7ad4c7b36ae36e13304ed02664c67417d108dc5f7213d1b7
  public_suffix (7.0.5) sha256=1a8bb08f1bbea19228d3bed6e5ed908d1cb4f7c2726d18bd9cadf60bc676f623
  puma (8.0.2) sha256=c8ed871dfbbe66448ea9ffd46692342d9804d4071522b52b5331b7b6e7b686fb
  racc (1.8.1) sha256=4a7f6929691dbec8b5209a0b373bc2614882b55fc5d2e447a21aaa691303d62f
  rack (2.2.24) sha256=ef16526a0d871c43753452338c754040a664c8b41bf0dd7450b85f7772adca5f
  rack-test (2.2.0) sha256=005a36692c306ac0b4a9350355ee080fd09ddef1148a5f8b2ac636c720f5c463
  rainbow (3.1.1) sha256=039491aa3a89f42efa1d6dec2fc4e62ede96eb6acd95e52f1ad581182b79bc6a
  rake (13.4.2) sha256=cb825b2bd5f1f8e91ca37bddb4b9aaf345551b4731da62949be002fa89283701
  rbs (4.2.0) sha256=51f7b886dcc05bc09e10b901daa6a81829f6adc03101d6ca9ea4aac6103e0674
  rdoc (8.0.0) sha256=03bf8c08a9639658855a0cfd77c0abca8325c227693f7f33f82957811348c469
  redis-client (0.30.1) sha256=5151bc5c7bbfe48623732cdae3b900d8a22dc691cc7cdfacfb351ac55116522d
  regexp_parser (2.12.0) sha256=35a916a1d63190ab5c9009457136ae5f3c0c7512d60291d0d1378ba18ce08ebb
  reline (0.7.0) sha256=5b012d8e55dbf9d450f12bde2cf7d15ff546ae80b3f8f3b30e570d431815583d
  rest-client (2.1.0) sha256=35a6400bdb14fae28596618e312776c158f7ebbb0ccad752ff4fa142bf2747e3
  rexml (3.4.4) sha256=19e0a2c3425dfbf2d4fc1189747bdb2f849b6c5e74180401b15734bc97b5d142
  roo (2.10.1) sha256=cbb43bc955f9c110e74b721c835fb9bd3515b63af88ec709ac87fbf30f8be70e
  rouge (4.7.0) sha256=dba5896715c0325c362e895460a6d350803dbf6427454f49a47500f3193ea739
  rspec (3.13.2) sha256=206284a08ad798e61f86d7ca3e376718d52c0bc944626b2349266f239f820587
  rspec-core (3.13.6) sha256=a8823c6411667b60a8bca135364351dda34cd55e44ff94c4be4633b37d828b2d
  rspec-expectations (3.13.5) sha256=33a4d3a1d95060aea4c94e9f237030a8f9eae5615e9bd85718fe3a09e4b58836
  rspec-mocks (3.13.8) sha256=086ad3d3d17533f4237643de0b5c42f04b66348c28bf6b9c2d3f4a3b01af1d47
  rspec-support (3.13.7) sha256=0640e5570872aafefd79867901deeeeb40b0c9875a36b983d85f54fb7381c47c
  rubocop (1.90.0) sha256=9eb4c065b5c5154e4ef554c547972f3905a9eb6b53e657e580b6796b54bf8242
  rubocop-ast (1.50.0) sha256=b9ca88300da0803ee222ad20cdb30494c0a784eed06fdc35d254b06d662788db
  rubocop-rspec (3.10.2) sha256=0b3e2ecc592cd10ecbf0095bb58d1e357905276e069643523cc19eb7495f65e2
  ruby-progressbar (1.13.0) sha256=80fc9c47a9b640d6834e0dc7b3c94c9df37f08cb072b7761e4a71e22cff29b33
  ruby2_keywords (0.0.5) sha256=ffd13740c573b7301cf7a2e61fc857b2a8e3d3aff32545d6f8300d8bae10e3ef
  rubyzip (2.4.1) sha256=8577c88edc1fde8935eb91064c5cb1aef9ad5494b940cf19c775ee833e075615
  securerandom (0.4.1) sha256=cc5193d414a4341b6e225f0cb4446aceca8e50d5e1888743fac16987638ea0b1
  sequel (5.42.0) sha256=d7309e3f792372ffad1d06a7ff826bdefa86623a055bc2f57b344eca5c77848b
  sidekiq (7.3.10) sha256=781eb4f65ef36042534ad73d72f211283afb7fee82eec786ada4ed1972ef8e3c
  simplecov (0.21.2) sha256=990db6aedb55086d6bf8874993ff1f796e4830abfa11937468ca502a0d013bc3
  simplecov-html (0.13.2) sha256=bd0b8e54e7c2d7685927e8d6286466359b6f16b18cb0df47b508e8d73c777246
  simplecov_json_formatter (0.1.4) sha256=529418fbe8de1713ac2b2d612aa3daa56d316975d307244399fa4838c601b428
  snaky_hash (2.0.7) sha256=7d02c70012a3f932e48860cd024577908300c9aa615e0cb9b450aaa749cbcb4d
  sqlite3 (1.7.3-aarch64-linux) sha256=0ccb8c001cd2617f4801a2c816142d3c9bc299e3f3e0f49e03812f3610b0891c
  sqlite3 (1.7.3-arm-linux) sha256=eb653026d44f8502b74564e585245485a5667d72f8888854e53c561f816541b0
  sqlite3 (1.7.3-arm64-darwin) sha256=b956160cc882d2568f332f915c9fe27cae9a4521b202d6e7ea540171c88e4600
  sqlite3 (1.7.3-x86_64-darwin) sha256=b88e117ae14b2c5b61a7eb14da24b3b0e93cd3e1c17774ff3b6e5a03ffe4e5b7
  sqlite3 (1.7.3-x86_64-linux) sha256=522a3285660dec8253465880c97980e873db0d79060900be8d14194217a3ee73
  strings (0.2.1) sha256=933293b3c95cf85b81eb44b3cf673e3087661ba739bbadfeadf442083158d6fb
  strings-ansi (0.2.0) sha256=90262d760ea4a94cc2ae8d58205277a343409c288cbe7c29416b1826bd511c88
  thor (1.5.0) sha256=e3a9e55fe857e44859ce104a84675ab6e8cd59c650a49106a05f55f136425e73
  tilt (2.9.0) sha256=da5735d0280bba96e9a91041bb14aee435ccad5c17b0fa519249ae543d9aa3a5
  tsort (0.2.0) sha256=9650a793f6859a43b6641671278f79cfead60ac714148aabe4e3f0060480089f
  tty-color (0.6.0) sha256=6f9c37ca3a4e2367fb2e6d09722762647d6f455c111f05b59f35730eeb24332a
  tty-markdown (0.7.2) sha256=1ed81db97028d006ba81e2cfd9fe0a04b0eb28650ad0d4086ed6e5627f4ac511
  tty-screen (0.8.2) sha256=c090652115beae764336c28802d633f204fb84da93c6a968aa5d8e319e819b50
  tzinfo (2.0.6) sha256=8daf828cc77bcf7d63b0e3bdb6caa47e2272dcfaf4fbfe46f8c3a9df087a829b
  unicode-display_width (2.6.0) sha256=12279874bba6d5e4d2728cef814b19197dbb10d7a7837a869bab65da943b7f5a
  unicode_utils (1.4.0) sha256=b922d0cf2313b6b7136ada6645ce7154ffc86418ca07d53b058efe9eb72f2a40
  version_gem (1.1.15) sha256=a73241587b29252e3567e0c818ded80730eb754d43b508f6ce4db22ca9ba27d0
  webmock (3.26.4) sha256=8d8da206d217ebe6968cfb09c77f4533c23074e1432bad865f3994eacbaad50d
  zeitwerk (2.8.3) sha256=2c85125a8467ce069e20123d1e709a08955c9d29c118c25b46b7b7fafdbb92e5

BUNDLED WITH
  4.0.7
